// !$*UTF8*$!
{
	archiveVersion = 1;
	classes = {
	};
	objectVersion = 48;
	objects = {

/* Begin PBXBuildFile section */
		816C87A81FBB873300455395 /* AppDelegate.swift in Sources */ = {isa = PBXBuildFile; fileRef = 816C87A71FBB873300455395 /* AppDelegate.swift */; };
		816C87AA1FBB873300455395 /* ViewController.swift in Sources */ = {isa = PBXBuildFile; fileRef = 816C87A91FBB873300455395 /* ViewController.swift */; };
		816C87AD1FBB873300455395 /* Main.storyboard in Resources */ = {isa = PBXBuildFile; fileRef = 816C87AB1FBB873300455395 /* Main.storyboard */; };
		816C87AF1FBB873300455395 /* Assets.xcassets in Resources */ = {isa = PBXBuildFile; fileRef = 816C87AE1FBB873300455395 /* Assets.xcassets */; };
		816C87B21FBB873300455395 /* LaunchScreen.storyboard in Resources */ = {isa = PBXBuildFile; fileRef = 816C87B01FBB873300455395 /* LaunchScreen.storyboard */; };
		816C87BA1FBB893F00455395 /* Rock.json in Resources */ = {isa = PBXBuildFile; fileRef = 816C87B91FBB893F00455395 /* Rock.json */; };
		816C87BC1FBB897D00455395 /* SongData.swift in Sources */ = {isa = PBXBuildFile; fileRef = 816C87BB1FBB897D00455395 /* SongData.swift */; };
/* End PBXBuildFile section */

/* Begin PBXFileReference section */
		816C87A41FBB873300455395 /* 2017_11_14 JSON BIllboard Song API.app */ = {isa = PBXFileReference; explicitFileType = wrapper.application; includeInIndex = 0; path = "2017_11_14 JSON BIllboard Song API.app"; sourceTree = BUILT_PRODUCTS_DIR; };
		816C87A71FBB873300455395 /* AppDelegate.swift */ = {isa = PBXFileReference; lastKnownFileType = sourcecode.swift; path = AppDelegate.swift; sourceTree = "<group>"; };
		816C87A91FBB873300455395 /* ViewController.swift */ = {isa = PBXFileReference; lastKnownFileType = sourcecode.swift; path = ViewController.swift; sourceTree = "<group>"; };
		816C87AC1FBB873300455395 /* Base */ = {isa = PBXFileReference; lastKnownFileType = file.storyboard; name = Base; path = Base.lproj/Main.storyboard; sourceTree = "<group>"; };
		816C87AE1FBB873300455395 /* Assets.xcassets */ = {isa = PBXFileReference; lastKnownFileType = folder.assetcatalog; path = Assets.xcassets; sourceTree = "<group>"; };
		816C87B11FBB873300455395 /* Base */ = {isa = PBXFileReference; lastKnownFileType = file.storyboard; name = Base; path = Base.lproj/LaunchScreen.storyboard; sourceTree = "<group>"; };
		816C87B31FBB873300455395 /* Info.plist */ = {isa = PBXFileReference; lastKnownFileType = text.plist.xml; path = Info.plist; sourceTree = "<group>"; };
		816C87B91FBB893F00455395 /* Rock.json */ = {isa = PBXFileReference; lastKnownFileType = text.json; path = Rock.json; sourceTree = "<group>"; };
		816C87BB1FBB897D00455395 /* SongData.swift */ = {isa = PBXFileReference; lastKnownFileType = sourcecode.swift; path = SongData.swift; sourceTree = "<group>"; };
/* End PBXFileReference section */

/* Begin PBXFrameworksBuildPhase section */
		816C87A11FBB873300455395 /* Frameworks */ = {
			isa = PBXFrameworksBuildPhase;
			buildActionMask = 2147483647;
			files = (
			);
			runOnlyForDeploymentPostprocessing = 0;
		};
/* End PBXFrameworksBuildPhase section */

/* Begin PBXGroup section */
		816C879B1FBB873300455395 = {
			isa = PBXGroup;
			children = (
				816C87A61FBB873300455395 /* 2017_11_14 JSON BIllboard Song API */,
				816C87A51FBB873300455395 /* Products */,
			);
			sourceTree = "<group>";
		};
		816C87A51FBB873300455395 /* Products */ = {
			isa = PBXGroup;
			children = (
				816C87A41FBB873300455395 /* 2017_11_14 JSON BIllboard Song API.app */,
			);
			name = Products;
			sourceTree = "<group>";
		};
		816C87A61FBB873300455395 /* 2017_11_14 JSON BIllboard Song API */ = {
			isa = PBXGroup;
			children = (
				816C87A71FBB873300455395 /* AppDelegate.swift */,
				816C87A91FBB873300455395 /* ViewController.swift */,
				816C87B91FBB893F00455395 /* Rock.json */,
				816C87BB1FBB897D00455395 /* SongData.swift */,
				816C87AB1FBB873300455395 /* Main.storyboard */,
				816C87AE1FBB873300455395 /* Assets.xcassets */,
				816C87B01FBB873300455395 /* LaunchScreen.storyboard */,
				816C87B31FBB873300455395 /* Info.plist */,
			);
			path = "2017_11_14 JSON BIllboard Song API";
			sourceTree = "<group>";
		};
/* End PBXGroup section */

/* Begin PBXNativeTarget section */
		816C87A31FBB873300455395 /* 2017_11_14 JSON BIllboard Song API */ = {
			isa = PBXNativeTarget;
			buildConfigurationList = 816C87B61FBB873300455395 /* Build configuration list for PBXNativeTarget "2017_11_14 JSON BIllboard Song API" */;
			buildPhases = (
				816C87A01FBB873300455395 /* Sources */,
				816C87A11FBB873300455395 /* Frameworks */,
				816C87A21FBB873300455395 /* Resources */,
			);
			buildRules = (
			);
			dependencies = (
			);
			name = "2017_11_14 JSON BIllboard Song API";
			productName = "2017_11_14 JSON BIllboard Song API";
			productReference = 816C87A41FBB873300455395 /* 2017_11_14 JSON BIllboard Song API.app */;
			productType = "com.apple.product-type.application";
		};
/* End PBXNativeTarget section */

/* Begin PBXProject section */
		816C879C1FBB873300455395 /* Project object */ = {
			isa = PBXProject;
			attributes = {
				LastSwiftUpdateCheck = 0910;
				LastUpgradeCheck = 0910;
				ORGANIZATIONNAME = Quark;
				TargetAttributes = {
					816C87A31FBB873300455395 = {
						CreatedOnToolsVersion = 9.1;
						ProvisioningStyle = Automatic;
					};
				};
			};
			buildConfigurationList = 816C879F1FBB873300455395 /* Build configuration list for PBXProject "2017_11_14 JSON BIllboard Song API" */;
			compatibilityVersion = "Xcode 8.0";
			developmentRegion = en;
			hasScannedForEncodings = 0;
			knownRegions = (
				en,
				Base,
			);
			mainGroup = 816C879B1FBB873300455395;
			productRefGroup = 816C87A51FBB873300455395 /* Products */;
			projectDirPath = "";
			projectRoot = "";
			targets = (
				816C87A31FBB873300455395 /* 2017_11_14 JSON BIllboard Song API */,
			);
		};
/* End PBXProject section */

/* Begin PBXResourcesBuildPhase section */
		816C87A21FBB873300455395 /* Resources */ = {
			isa = PBXResourcesBuildPhase;
			buildActionMask = 2147483647;
			files = (
				816C87BA1FBB893F00455395 /* Rock.json in Resources */,
				816C87B21FBB873300455395 /* LaunchScreen.storyboard in Resources */,
				816C87AF1FBB873300455395 /* Assets.xcassets in Resources */,
				816C87AD1FBB873300455395 /* Main.storyboard in Resources */,
			);
			runOnlyForDeploymentPostprocessing = 0;
		};
/* End PBXResourcesBuildPhase section */

/* Begin PBXSourcesBuildPhase section */
		816C87A01FBB873300455395 /* Sources */ = {
			isa = PBXSourcesBuildPhase;
			buildActionMask = 2147483647;
			files = (
				816C87AA1FBB873300455395 /* ViewController.swift in Sources */,
				816C87A81FBB873300455395 /* AppDelegate.swift in Sources */,
				816C87BC1FBB897D00455395 /* SongData.swift in Sources */,
			);
			runOnlyForDeploymentPostprocessing = 0;
		};
/* End PBXSourcesBuildPhase section */

/* Begin PBXVariantGroup section */
		816C87AB1FBB873300455395 /* Main.storyboard */ = {
			isa = PBXVariantGroup;
			children = (
				816C87AC1FBB873300455395 /* Base */,
			);
			name = Main.storyboard;
			sourceTree = "<group>";
		};
		816C87B01FBB873300455395 /* LaunchScreen.storyboard */ = {
			isa = PBXVariantGroup;
			children = (
				816C87B11FBB873300455395 /* Base */,
			);
			name = LaunchScreen.storyboard;
			sourceTree = "<group>";
		};
/* End PBXVariantGroup section */

/* Begin XCBuildConfiguration section */
		816C87B41FBB873300455395 /* Debug */ = {
			isa = XCBuildConfiguration;
			buildSettings = {
				ALWAYS_SEARCH_USER_PATHS = NO;
				CLANG_ANALYZER_NONNULL = YES;
				CLANG_ANALYZER_NUMBER_OBJECT_CONVERSION = YES_AGGRESSIVE;
				CLANG_CXX_LANGUAGE_STANDARD = "gnu++14";
				CLANG_CXX_LIBRARY = "libc++";
				CLANG_ENABLE_MODULES = YES;
				CLANG_ENABLE_OBJC_ARC = YES;
				CLANG_WARN_BLOCK_CAPTURE_AUTORELEASING = YES;
				CLANG_WARN_BOOL_CONVERSION = YES;
				CLANG_WARN_COMMA = YES;
				CLANG_WARN_CONSTANT_CONVERSION = YES;
				CLANG_WARN_DIRECT_OBJC_ISA_USAGE = YES_ERROR;
				CLANG_WARN_DOCUMENTATION_COMMENTS = YES;
				CLANG_WARN_EMPTY_BODY = YES;
				CLANG_WARN_ENUM_CONVERSION = YES;
				CLANG_WARN_INFINITE_RECURSION = YES;
				CLANG_WARN_INT_CONVERSION = YES;
				CLANG_WARN_NON_LITERAL_NULL_CONVERSION = YES;
				CLANG_WARN_OBJC_LITERAL_CONVERSION = YES;
				CLANG_WARN_OBJC_ROOT_CLASS = YES_ERROR;
				CLANG_WARN_RANGE_LOOP_ANALYSIS = YES;
				CLANG_WARN_STRICT_PROTOTYPES = YES;
				CLANG_WARN_SUSPICIOUS_MOVE = YES;
				CLANG_WARN_UNGUARDED_AVAILABILITY = YES_AGGRESSIVE;
				CLANG_WARN_UNREACHABLE_CODE = YES;
				CLANG_WARN__DUPLICATE_METHOD_MATCH = YES;
				CODE_SIGN_IDENTITY = "iPhone Developer";
				COPY_PHASE_STRIP = NO;
				DEBUG_INFORMATION_FORMAT = dwarf;
				ENABLE_STRICT_OBJC_MSGSEND = YES;
				ENABLE_TESTABILITY = YES;
				GCC_C_LANGUAGE_STANDARD = gnu11;
				GCC_DYNAMIC_NO_PIC = NO;
				GCC_NO_COMMON_BLOCKS = YES;
				GCC_OPTIMIZATION_LEVEL = 0;
				GCC_PREPROCESSOR_DEFINITIONS = (
					"DEBUG=1",
					"$(inherited)",
				);
				GCC_WARN_64_TO_32_BIT_CONVERSION = YES;
				GCC_WARN_ABOUT_RETURN_TYPE = YES_ERROR;
				GCC_WARN_UNDECLARED_SELECTOR = YES;
				GCC_WARN_UNINITIALIZED_AUTOS = YES_AGGRESSIVE;
				GCC_WARN_UNUSED_FUNCTION = YES;
				GCC_WARN_UNUSED_VARIABLE = YES;
				IPHONEOS_DEPLOYMENT_TARGET = 11.1;
				MTL_ENABLE_DEBUG_INFO = YES;
				ONLY_ACTIVE_ARCH = YES;
				SDKROOT = iphoneos;
				SWIFT_ACTIVE_COMPILATION_CONDITIONS = DEBUG;
				SWIFT_OPTIMIZATION_LEVEL = "-Onone";
			};
			name = Debug;
		};
		816C87B51FBB873300455395 /* Release */ = {
			isa = XCBuildConfiguration;
			buildSettings = {
				ALWAYS_SEARCH_USER_PATHS = NO;
				CLANG_ANALYZER_NONNULL = YES;
				CLANG_ANALYZER_NUMBER_OBJECT_CONVERSION = YES_AGGRESSIVE;
				CLANG_CXX_LANGUAGE_STANDARD = "gnu++14";
				CLANG_CXX_LIBRARY = "libc++";
				CLANG_ENABLE_MODULES = YES;
				CLANG_ENABLE_OBJC_ARC = YES;
				CLANG_WARN_BLOCK_CAPTURE_AUTORELEASING = YES;
				CLANG_WARN_BOOL_CONVERSION = YES;
				CLANG_WARN_COMMA = YES;
				CLANG_WARN_CONSTANT_CONVERSION = YES;
				CLANG_WARN_DIRECT_OBJC_ISA_USAGE = YES_ERROR;
				CLANG_WARN_DOCUMENTATION_COMMENTS = YES;
				CLANG_WARN_EMPTY_BODY = YES;
				CLANG_WARN_ENUM_CONVERSION = YES;
				CLANG_WARN_INFINITE_RECURSION = YES;
				CLANG_WARN_INT_CONVERSION = YES;
				CLANG_WARN_NON_LITERAL_NULL_CONVERSION = YES;
				CLANG_WARN_OBJC_LITERAL_CONVERSION = YES;
				CLANG_WARN_OBJC_ROOT_CLASS = YES_ERROR;
				CLANG_WARN_RANGE_LOOP_ANALYSIS = YES;
				CLANG_WARN_STRICT_PROTOTYPES = YES;
				CLANG_WARN_SUSPICIOUS_MOVE = YES;
				CLANG_WARN_UNGUARDED_AVAILABILITY = YES_AGGRESSIVE;
				CLANG_WARN_UNREACHABLE_CODE = YES;
				CLANG_WARN__DUPLICATE_METHOD_MATCH = YES;
				CODE_SIGN_IDENTITY = "iPhone Developer";
				COPY_PHASE_STRIP = NO;
				DEBUG_INFORMATION_FORMAT = "dwarf-with-dsym";
				ENABLE_NS_ASSERTIONS = NO;
				ENABLE_STRICT_OBJC_MSGSEND = YES;
				GCC_C_LANGUAGE_STANDARD = gnu11;
				GCC_NO_COMMON_BLOCKS = YES;
				GCC_WARN_64_TO_32_BIT_CONVERSION = YES;
				GCC_WARN_ABOUT_RETURN_TYPE = YES_ERROR;
				GCC_WARN_UNDECLARED_SELECTOR = YES;
				GCC_WARN_UNINITIALIZED_AUTOS = YES_AGGRESSIVE;
				GCC_WARN_UNUSED_FUNCTION = YES;
				GCC_WARN_UNUSED_VARIABLE = YES;
				IPHONEOS_DEPLOYMENT_TARGET = 11.1;
				MTL_ENABLE_DEBUG_INFO = NO;
				SDKROOT = iphoneos;
				SWIFT_OPTIMIZATION_LEVEL = "-Owholemodule";
				VALIDATE_PRODUCT = YES;
			};
			name = Release;
		};
		816C87B71FBB873300455395 /* Debug */ = {
			isa = XCBuildConfiguration;
			buildSettings = {
				ASSETCATALOG_COMPILER_APPICON_NAME = AppIcon;
				CODE_SIGN_STYLE = Automatic;
				INFOPLIST_FILE = "2017_11_14 JSON BIllboard Song API/Info.plist";
				LD_RUNPATH_SEARCH_PATHS = "$(inherited) @executable_path/Frameworks";
				PRODUCT_BUNDLE_IDENTIFIER = "X-Quark.-017-11-14-JSON-BIllboard-Song-API";
				PRODUCT_NAME = "$(TARGET_NAME)";
				SWIFT_VERSION = 4.0;
				TARGETED_DEVICE_FAMILY = "1,2";
			};
			name = Debug;
		};
		816C87B81FBB873300455395 /* Release */ = {
			isa = XCBuildConfiguration;
			buildSettings = {
				ASSETCATALOG_COMPILER_APPICON_NAME = AppIcon;
				CODE_SIGN_STYLE = Automatic;
				INFOPLIST_FILE = "2017_11_14 JSON BIllboard Song API/Info.plist";
				LD_RUNPATH_SEARCH_PATHS = "$(inherited) @executable_path/Frameworks";
				PRODUCT_BUNDLE_IDENTIFIER = "X-Quark.-017-11-14-JSON-BIllboard-Song-API";
				PRODUCT_NAME = "$(TARGET_NAME)";
				SWIFT_VERSION = 4.0;
				TARGETED_DEVICE_FAMILY = "1,2";
			};
			name = Release;
		};
/* End XCBuildConfiguration section */

/* Begin XCConfigurationList section */
		816C879F1FBB873300455395 /* Build configuration list for PBXProject "2017_11_14 JSON BIllboard Song API" */ = {
			isa = XCConfigurationList;
			buildConfigurations = (
				816C87B41FBB873300455395 /* Debug */,
				816C87B51FBB873300455395 /* Release */,
			);
			defaultConfigurationIsVisible = 0;
			defaultConfigurationName = Release;
		};
		816C87B61FBB873300455395 /* Build configuration list for PBXNativeTarget "2017_11_14 JSON BIllboard Song API" */ = {
			isa = XCConfigurationList;
			buildConfigurations = (
				816C87B71FBB873300455395 /* Debug */,
				816C87B81FBB873300455395 /* Release */,
			);
			defaultConfigurationIsVisible = 0;
			defaultConfigurationName = Release;
		};
/* End XCConfigurationList section */
	};
	rootObject = 816C879C1FBB873300455395 /* Project object */;
}
